
Microsoft Visual Studio Solution File, Format Version 11.00
# Visual Studio 2010
Project("{F184B08F-C81C-45F6-A57F-5ABD9991F28F}") = "dicerollkindseth", "dicerollkindseth\dicerollkindseth.vbproj", "{6399E41D-B12D-484E-A2BA-EE37892B2EBF}"
EndProject
Global
	GlobalSection(SolutionConfigurationPlatforms) = preSolution
		Debug|x86 = Debug|x86
		Release|x86 = Release|x86
	EndGlobalSection
	GlobalSection(ProjectConfigurationPlatforms) = postSolution
		{6399E41D-B12D-484E-A2BA-EE37892B2EBF}.Debug|x86.ActiveCfg = Debug|x86
		{6399E41D-B12D-484E-A2BA-EE37892B2EBF}.Debug|x86.Build.0 = Debug|x86
		{6399E41D-B12D-484E-A2BA-EE37892B2EBF}.Release|x86.ActiveCfg = Release|x86
		{6399E41D-B12D-484E-A2BA-EE37892B2EBF}.Release|x86.Build.0 = Release|x86
	EndGlobalSection
	GlobalSection(SolutionProperties) = preSolution
		HideSolutionNode = FALSE
	EndGlobalSection
EndGlobal
